
Microsoft Visual Studio Solution File, Format Version 12.00
# Visual Studio 15
VisualStudioVersion = 15.0.27703.2042
MinimumVisualStudioVersion = 10.0.40219.1
Project("{8BC9CEB8-8B4A-11D0-8D11-00A0C91BC942}") = "Projector4d", "Projector4d\Projector4d.vcxproj", "{20C99F74-A4B5-4692-BFF8-3EE201E0B172}"
EndProject
Project("{8BC9CEB8-8B4A-11D0-8D11-00A0C91BC942}") = "ProjectionFunctionsDll", "ProjectionFunctionsDll\ProjectionFunctionsDll.vcxproj", "{27283629-1E2E-46FD-9F71-DE11DFD9E079}"
EndProject
Global
	GlobalSection(SolutionConfigurationPlatforms) = preSolution
		Debug|x64 = Debug|x64
		Debug|x86 = Debug|x86
		Release|x64 = Release|x64
		Release|x86 = Release|x86
	EndGlobalSection
	GlobalSection(ProjectConfigurationPlatforms) = postSolution
		{20C99F74-A4B5-4692-BFF8-3EE201E0B172}.Debug|x64.ActiveCfg = Debug|x64
		{20C99F74-A4B5-4692-BFF8-3EE201E0B172}.Debug|x64.Build.0 = Debug|x64
		{20C99F74-A4B5-4692-BFF8-3EE201E0B172}.Debug|x86.ActiveCfg = Debug|Win32
		{20C99F74-A4B5-4692-BFF8-3EE201E0B172}.Debug|x86.Build.0 = Debug|Win32
		{20C99F74-A4B5-4692-BFF8-3EE201E0B172}.Release|x64.ActiveCfg = Release|x64
		{20C99F74-A4B5-4692-BFF8-3EE201E0B172}.Release|x64.Build.0 = Release|x64
		{20C99F74-A4B5-4692-BFF8-3EE201E0B172}.Release|x86.ActiveCfg = Release|Win32
		{20C99F74-A4B5-4692-BFF8-3EE201E0B172}.Release|x86.Build.0 = Release|Win32
		{27283629-1E2E-46FD-9F71-DE11DFD9E079}.Debug|x64.ActiveCfg = Debug|x64
		{27283629-1E2E-46FD-9F71-DE11DFD9E079}.Debug|x64.Build.0 = Debug|x64
		{27283629-1E2E-46FD-9F71-DE11DFD9E079}.Debug|x86.ActiveCfg = Debug|Win32
		{27283629-1E2E-46FD-9F71-DE11DFD9E079}.Debug|x86.Build.0 = Debug|Win32
		{27283629-1E2E-46FD-9F71-DE11DFD9E079}.Release|x64.ActiveCfg = Release|x64
		{27283629-1E2E-46FD-9F71-DE11DFD9E079}.Release|x64.Build.0 = Release|x64
		{27283629-1E2E-46FD-9F71-DE11DFD9E079}.Release|x86.ActiveCfg = Release|Win32
		{27283629-1E2E-46FD-9F71-DE11DFD9E079}.Release|x86.Build.0 = Release|Win32
	EndGlobalSection
	GlobalSection(SolutionProperties) = preSolution
		HideSolutionNode = FALSE
	EndGlobalSection
	GlobalSection(ExtensibilityGlobals) = postSolution
		SolutionGuid = {8FBF5BFF-BBAA-4275-B620-487A08154832}
	EndGlobalSection
EndGlobal
